
Microsoft Visual Studio Solution File, Format Version 12.00
# Visual Studio 16
Project("{FAE04EC0-301F-11D3-BF4B-00C04F79EFBC}") = "Assembly-CSharp", "Assembly-CSharp.csproj", "{9B0CFC91-B165-CD53-218B-A0DA2DA93BB2}"
EndProject
Project("{FAE04EC0-301F-11D3-BF4B-00C04F79EFBC}") = "Assembly-CSharp-Editor", "Assembly-CSharp-Editor.csproj", "{1245FFFC-E959-B1F2-BA5F-F6FFF77F06D9}"
EndProject
Global
	GlobalSection(SolutionConfigurationPlatforms) = preSolution
		Debug|Any CPU = Debug|Any CPU
		Release|Any CPU = Release|Any CPU
	EndGlobalSection
	GlobalSection(ProjectConfigurationPlatforms) = postSolution
		{9B0CFC91-B165-CD53-218B-A0DA2DA93BB2}.Debug|Any CPU.ActiveCfg = Debug|Any CPU
		{9B0CFC91-B165-CD53-218B-A0DA2DA93BB2}.Debug|Any CPU.Build.0 = Debug|Any CPU
		{9B0CFC91-B165-CD53-218B-A0DA2DA93BB2}.Release|Any CPU.ActiveCfg = Release|Any CPU
		{9B0CFC91-B165-CD53-218B-A0DA2DA93BB2}.Release|Any CPU.Build.0 = Release|Any CPU
		{1245FFFC-E959-B1F2-BA5F-F6FFF77F06D9}.Debug|Any CPU.ActiveCfg = Debug|Any CPU
		{1245FFFC-E959-B1F2-BA5F-F6FFF77F06D9}.Debug|Any CPU.Build.0 = Debug|Any CPU
		{1245FFFC-E959-B1F2-BA5F-F6FFF77F06D9}.Release|Any CPU.ActiveCfg = Release|Any CPU
		{1245FFFC-E959-B1F2-BA5F-F6FFF77F06D9}.Release|Any CPU.Build.0 = Release|Any CPU
	EndGlobalSection
	GlobalSection(SolutionProperties) = preSolution
		HideSolutionNode = FALSE
	EndGlobalSection
	GlobalSection(MonoDevelopProperties) = preSolution
		StartupItem = Assembly-CSharp.csproj
	EndGlobalSection
EndGlobal
